
Microsoft Visual Studio Solution File, Format Version 12.00
# Visual Studio Version 17
VisualStudioVersion = 17.14.36518.9
MinimumVisualStudioVersion = 10.0.40219.1
Project("{FAE04EC0-301F-11D3-BF4B-00C04F79EFBC}") = "PLCSIMBridge", "PLCSIMBridge\PLCSIMBridge.csproj", "{A483FD34-0A18-40E2-93A5-32A137C34785}"
EndProject
Global
	GlobalSection(SolutionConfigurationPlatforms) = preSolution
		Debug|Any CPU = Debug|Any CPU
		Debug|x64 = Debug|x64
		Release|Any CPU = Release|Any CPU
		Release|x64 = Release|x64
	EndGlobalSection
	GlobalSection(ProjectConfigurationPlatforms) = postSolution
		{A483FD34-0A18-40E2-93A5-32A137C34785}.Debug|Any CPU.ActiveCfg = Debug|Any CPU
		{A483FD34-0A18-40E2-93A5-32A137C34785}.Debug|Any CPU.Build.0 = Debug|Any CPU
		{A483FD34-0A18-40E2-93A5-32A137C34785}.Debug|x64.ActiveCfg = Debug|x64
		{A483FD34-0A18-40E2-93A5-32A137C34785}.Debug|x64.Build.0 = Debug|x64
		{A483FD34-0A18-40E2-93A5-32A137C34785}.Release|Any CPU.ActiveCfg = Release|Any CPU
		{A483FD34-0A18-40E2-93A5-32A137C34785}.Release|Any CPU.Build.0 = Release|Any CPU
		{A483FD34-0A18-40E2-93A5-32A137C34785}.Release|x64.ActiveCfg = Release|x64
		{A483FD34-0A18-40E2-93A5-32A137C34785}.Release|x64.Build.0 = Release|x64
	EndGlobalSection
	GlobalSection(SolutionProperties) = preSolution
		HideSolutionNode = FALSE
	EndGlobalSection
	GlobalSection(ExtensibilityGlobals) = postSolution
		SolutionGuid = {D8E064B9-8520-4132-9533-EB74AB85081F}
	EndGlobalSection
EndGlobal
